
Microsoft Visual Studio Solution File, Format Version 12.00
# Visual Studio Version 17
VisualStudioVersion = 17.5.33530.505
MinimumVisualStudioVersion = 10.0.40219.1
Project("{FAE04EC0-301F-11D3-BF4B-00C04F79EFBC}") = "LeetCode", "LeetCode\LeetCode.csproj", "{391A9B9B-8FAC-4BE3-A835-366F23D16BBB}"
EndProject
Project("{FAE04EC0-301F-11D3-BF4B-00C04F79EFBC}") = "LeetCode.75Questions", "LeetCode.75Questions\LeetCode.75Questions.csproj", "{8BEDE6C3-D543-40AD-AA37-D9C650EE5438}"
EndProject
Global
	GlobalSection(SolutionConfigurationPlatforms) = preSolution
		Debug|Any CPU = Debug|Any CPU
		Release|Any CPU = Release|Any CPU
	EndGlobalSection
	GlobalSection(ProjectConfigurationPlatforms) = postSolution
		{391A9B9B-8FAC-4BE3-A835-366F23D16BBB}.Debug|Any CPU.ActiveCfg = Debug|Any CPU
		{391A9B9B-8FAC-4BE3-A835-366F23D16BBB}.Debug|Any CPU.Build.0 = Debug|Any CPU
		{391A9B9B-8FAC-4BE3-A835-366F23D16BBB}.Release|Any CPU.ActiveCfg = Release|Any CPU
		{391A9B9B-8FAC-4BE3-A835-366F23D16BBB}.Release|Any CPU.Build.0 = Release|Any CPU
		{8BEDE6C3-D543-40AD-AA37-D9C650EE5438}.Debug|Any CPU.ActiveCfg = Debug|Any CPU
		{8BEDE6C3-D543-40AD-AA37-D9C650EE5438}.Debug|Any CPU.Build.0 = Debug|Any CPU
		{8BEDE6C3-D543-40AD-AA37-D9C650EE5438}.Release|Any CPU.ActiveCfg = Release|Any CPU
		{8BEDE6C3-D543-40AD-AA37-D9C650EE5438}.Release|Any CPU.Build.0 = Release|Any CPU
	EndGlobalSection
	GlobalSection(SolutionProperties) = preSolution
		HideSolutionNode = FALSE
	EndGlobalSection
	GlobalSection(ExtensibilityGlobals) = postSolution
		SolutionGuid = {DFE19CA9-8535-4BAD-9BC6-706E8FC6DB3E}
	EndGlobalSection
EndGlobal
